# This file is generated by running "yarn install" inside your project.
# Manual changes might be lost - proceed with caution!

__metadata:
  version: 8
  cacheKey: 10c0

"@arr/every@npm:^1.0.0":
  version: 1.0.1
  resolution: "@arr/every@npm:1.0.1"
  checksum: 10c0/f9769bc97eca37d1c0dedfda4c17506c0e1269d95c15a7478a49c4d84d43512a3f350b71c95e045cf4113d3398ebd6d298f2eea09196a1ed61c311bc4e6964e7
  languageName: node
  linkType: hard

"@chealt/attilajs@workspace:packages/attilajs":
  version: 0.0.0-use.local
  resolution: "@chealt/attilajs@workspace:packages/attilajs"
  dependencies:
    chokidar: "npm:^4.0.2"
    polka: "npm:^0.5.2"
    sirv: "npm:^3.0.0"
  languageName: unknown
  linkType: soft

"@polka/url@npm:^0.5.0":
  version: 0.5.0
  resolution: "@polka/url@npm:0.5.0"
  checksum: 10c0/76324126e1608f4cdc5c6b11b618ca67612c37d45401f3fbcce4967294093761b7568cc6ae74ade8afbe744547e72e9d50bc38f690ddea0904a1d66a6b8a0093
  languageName: node
  linkType: hard

"@polka/url@npm:^1.0.0-next.24":
  version: 1.0.0-next.28
  resolution: "@polka/url@npm:1.0.0-next.28"
  checksum: 10c0/acc5ea62597e4da2fb42dbee02749d07f102ae7d6d2c966bf7e423c79cd65d1621da305af567e6e7c232f3b565e242d1ec932cbb3dcc0db1508d02e9a2cafa2e
  languageName: node
  linkType: hard

"chokidar@npm:^4.0.2":
  version: 4.0.2
  resolution: "chokidar@npm:4.0.2"
  dependencies:
    readdirp: "npm:^4.0.1"
  checksum: 10c0/562a3456d529ce9e16f9a6447f86a3e82a816200fed473fa0b6f84b447ce29f96210c92874a8d5e619a0b453d92a352e93252baa214e376a9a08489e96337c65
  languageName: node
  linkType: hard

"matchit@npm:^1.0.0":
  version: 1.1.0
  resolution: "matchit@npm:1.1.0"
  dependencies:
    "@arr/every": "npm:^1.0.0"
  checksum: 10c0/f2cd8702ea37dd9859cf1df762581c822180eb72372b9240397a80320cb4ffb4828b3d8ed0beff2429daf500d1ec746c2963dbb3c6386f1b5b9eb969e0f1caaa
  languageName: node
  linkType: hard

"mrmime@npm:^2.0.0":
  version: 2.0.0
  resolution: "mrmime@npm:2.0.0"
  checksum: 10c0/312b35ed288986aec90955410b21ed7427fd1e4ee318cb5fc18765c8d029eeded9444faa46589e5b1ed6b35fb2054a802ac8dcb917ddf6b3e189cb3bf11a965c
  languageName: node
  linkType: hard

"polka@npm:^0.5.2":
  version: 0.5.2
  resolution: "polka@npm:0.5.2"
  dependencies:
    "@polka/url": "npm:^0.5.0"
    trouter: "npm:^2.0.1"
  checksum: 10c0/113005fe146e1ee67bc6e1a5438c71e1b59ac05a8bc435d593be210e21f712e6b9ba4d163072e3c941f8efbb7516df9c55bf18934948f91623d03dc9657a1410
  languageName: node
  linkType: hard

"readdirp@npm:^4.0.1":
  version: 4.0.2
  resolution: "readdirp@npm:4.0.2"
  checksum: 10c0/a16ecd8ef3286dcd90648c3b103e3826db2b766cdb4a988752c43a83f683d01c7059158d623cbcd8bdfb39e65d302d285be2d208e7d9f34d022d912b929217dd
  languageName: node
  linkType: hard

"root-workspace-0b6124@workspace:.":
  version: 0.0.0-use.local
  resolution: "root-workspace-0b6124@workspace:."
  languageName: unknown
  linkType: soft

"sirv@npm:^3.0.0":
  version: 3.0.0
  resolution: "sirv@npm:3.0.0"
  dependencies:
    "@polka/url": "npm:^1.0.0-next.24"
    mrmime: "npm:^2.0.0"
    totalist: "npm:^3.0.0"
  checksum: 10c0/282c52ee5a93cafa297096ad31aa6c3004a21d4c93abe728b701e51e4329acb887f6e92f07696225414fd6bb4a7782fd64a42d0b6b6467ae0f66bd3fde90b865
  languageName: node
  linkType: hard

"totalist@npm:^3.0.0":
  version: 3.0.1
  resolution: "totalist@npm:3.0.1"
  checksum: 10c0/4bb1fadb69c3edbef91c73ebef9d25b33bbf69afe1e37ce544d5f7d13854cda15e47132f3e0dc4cafe300ddb8578c77c50a65004d8b6e97e77934a69aa924863
  languageName: node
  linkType: hard

"trouter@npm:^2.0.1":
  version: 2.0.1
  resolution: "trouter@npm:2.0.1"
  dependencies:
    matchit: "npm:^1.0.0"
  checksum: 10c0/9d294dbe74d45649d929d3abf0d4cb8e508985a2ea0f8be41b3b097a985352b14f65dd76b68ae651731128995eceddba375b15719356c419bbfe754c5fb5673c
  languageName: node
  linkType: hard
